
Microsoft Visual Studio Solution File, Format Version 12.00
# Visual Studio 15
VisualStudioVersion = 15.0.28010.2046
MinimumVisualStudioVersion = 10.0.40219.1
Project("{FAE04EC0-301F-11D3-BF4B-00C04F79EFBC}") = "MVVMAqua", "MVVMAqua\MVVMAqua.csproj", "{CECFEC3D-0BC8-4B15-BBB2-F61166615CA1}"
EndProject
Global
	GlobalSection(SolutionConfigurationPlatforms) = preSolution
		Debug|Any CPU = Debug|Any CPU
		Release|Any CPU = Release|Any CPU
	EndGlobalSection
	GlobalSection(ProjectConfigurationPlatforms) = postSolution
		{CECFEC3D-0BC8-4B15-BBB2-F61166615CA1}.Debug|Any CPU.ActiveCfg = Debug|Any CPU
		{CECFEC3D-0BC8-4B15-BBB2-F61166615CA1}.Debug|Any CPU.Build.0 = Debug|Any CPU
		{CECFEC3D-0BC8-4B15-BBB2-F61166615CA1}.Release|Any CPU.ActiveCfg = Release|Any CPU
		{CECFEC3D-0BC8-4B15-BBB2-F61166615CA1}.Release|Any CPU.Build.0 = Release|Any CPU
	EndGlobalSection
	GlobalSection(SolutionProperties) = preSolution
		HideSolutionNode = FALSE
	EndGlobalSection
	GlobalSection(ExtensibilityGlobals) = postSolution
		SolutionGuid = {C6C9DF87-7635-4E00-AE88-4CC28021AB55}
	EndGlobalSection
EndGlobal
